<?xml version="1.0" encoding="utf-8"?>
<Project ToolsVersion="4.0" xmlns="http://schemas.microsoft.com/developer/msbuild/2003">
  <ItemGroup>
    <Filter Include="Source Files">
      <UniqueIdentifier>{4FC737F1-C7A5-4376-A066-2A32D752A2FF}</UniqueIdentifier>
      <Extensions>cpp;c;cc;cxx;c++;cppm;ixx;def;odl;idl;hpj;bat;asm;asmx</Extensions>
    </Filter>
    <Filter Include="Header Files">
      <UniqueIdentifier>{93995380-89BD-4b04-88EB-625FBE52EBFB}</UniqueIdentifier>
      <Extensions>h;hh;hpp;hxx;h++;hm;inl;inc;ipp;xsd</Extensions>
    </Filter>
    <Filter Include="Resource Files">
      <UniqueIdentifier>{67DA6AB6-F800-4c08-8B7A-83BB121AAD01}</UniqueIdentifier>
      <Extensions>rc;ico;cur;bmp;dlg;rc2;rct;bin;rgs;gif;jpg;jpeg;jpe;resx;tiff;tif;png;wav;mfcribbon-ms</Extensions>
    </Filter>
  </ItemGroup>
  <ItemGroup>
    <ClInclude Include="Deep.h">
      <Filter>Header Files</Filter>
    </ClInclude>
    <ClInclude Include="Deep\ECS\Allocator.h">
      <Filter>Header Files</Filter>
    </ClInclude>
    <ClInclude Include="Deep\Math\_Mat4.h">
      <Filter>Header Files</Filter>
    </ClInclude>
    <ClInclude Include="Deep\Math\_Quaternion.h">
      <Filter>Header Files</Filter>
    </ClInclude>
    <ClInclude Include="Deep\Math\_Vec3.h">
      <Filter>Header Files</Filter>
    </ClInclude>
    <ClInclude Include="Deep\Math\_Vec4.h">
      <Filter>Header Files</Filter>
    </ClInclude>
    <ClInclude Include="Deep\BitHelper.h">
      <Filter>Header Files</Filter>
    </ClInclude>
    <ClInclude Include="Deep\Net\Packet.h">
      <Filter>Header Files</Filter>
    </ClInclude>
    <ClInclude Include="Deep\Net\PacketReader.h">
      <Filter>Header Files</Filter>
    </ClInclude>
    <ClInclude Include="Deep\Net\PacketWriter.h">
      <Filter>Header Files</Filter>
    </ClInclude>
    <ClInclude Include="Deep\Sock\AF_INET.h">
      <Filter>Header Files</Filter>
    </ClInclude>
    <ClInclude Include="Deep\Sock\IPv4.h">
      <Filter>Header Files</Filter>
    </ClInclude>
    <ClInclude Include="Deep\Sock\Sock_Windows.h">
      <Filter>Header Files</Filter>
    </ClInclude>
    <ClInclude Include="Deep\Deep_Types.h">
      <Filter>Header Files</Filter>
    </ClInclude>
    <ClInclude Include="Deep\ECS.h">
      <Filter>Header Files</Filter>
    </ClInclude>
    <ClInclude Include="Deep\Math.h">
      <Filter>Header Files</Filter>
    </ClInclude>
    <ClInclude Include="Deep\Net.h">
      <Filter>Header Files</Filter>
    </ClInclude>
    <ClInclude Include="Deep\Physics.h">
      <Filter>Header Files</Filter>
    </ClInclude>
    <ClInclude Include="Deep\Sock.h">
      <Filter>Header Files</Filter>
    </ClInclude>
    <ClInclude Include="Deep\Threading.h">
      <Filter>Header Files</Filter>
    </ClInclude>
    <ClInclude Include="Deep\Math\_MathTypes.h">
      <Filter>Header Files</Filter>
    </ClInclude>
    <ClInclude Include="Deep\Math\Mat4.inl">
      <Filter>Source Files</Filter>
    </ClInclude>
    <ClInclude Include="Deep\Math\Quaternion.inl">
      <Filter>Source Files</Filter>
    </ClInclude>
    <ClInclude Include="Deep\Math\Vec3.inl">
      <Filter>Source Files</Filter>
    </ClInclude>
    <ClInclude Include="Deep\Math\Vec4.inl">
      <Filter>Source Files</Filter>
    </ClInclude>
    <ClInclude Include="Deep\Math\_SSE_m128i.h">
      <Filter>Header Files</Filter>
    </ClInclude>
    <ClInclude Include="Deep\Math\_SSE_m128.h">
      <Filter>Header Files</Filter>
    </ClInclude>
    <ClInclude Include="Deep\NonCopyable.h">
      <Filter>Header Files</Filter>
    </ClInclude>
    <ClInclude Include="Deep\Threading\JobSystem.h">
      <Filter>Header Files</Filter>
    </ClInclude>
    <ClInclude Include="Deep\Threading\Semaphore.h">
      <Filter>Header Files</Filter>
    </ClInclude>
    <ClInclude Include="Deep\Memory\FixedSizeFreeList.h">
      <Filter>Header Files</Filter>
    </ClInclude>
    <ClInclude Include="Deep\Memory.h">
      <Filter>Header Files</Filter>
    </ClInclude>
    <ClInclude Include="Deep\Math\Constants.h">
      <Filter>Header Files</Filter>
    </ClInclude>
    <ClInclude Include="Deep\Memory\PooledFixedSizeFreeList.h">
      <Filter>Header Files</Filter>
    </ClInclude>
    <ClInclude Include="Deep\Memory\Reference.h">
      <Filter>Header Files</Filter>
    </ClInclude>
    <ClInclude Include="Deep\ECS\Archetype.h">
      <Filter>Header Files</Filter>
    </ClInclude>
    <ClInclude Include="Deep\ECS\ECDB.h">
      <Filter>Header Files</Filter>
    </ClInclude>
    <ClInclude Include="Deep\ECS\ECRegistry.h">
      <Filter>Header Files</Filter>
    </ClInclude>
  </ItemGroup>
  <ItemGroup>
    <ClCompile Include="Deep\ECS\ECDB.cpp">
      <Filter>Source Files</Filter>
    </ClCompile>
    <ClCompile Include="Deep\Net\Net.cpp">
      <Filter>Source Files</Filter>
    </ClCompile>
    <ClCompile Include="Deep\Net\PacketReader.cpp">
      <Filter>Source Files</Filter>
    </ClCompile>
    <ClCompile Include="Deep\Net\PacketWriter.cpp">
      <Filter>Source Files</Filter>
    </ClCompile>
    <ClCompile Include="Deep\Physics\Physics.cpp">
      <Filter>Source Files</Filter>
    </ClCompile>
    <ClCompile Include="Deep\Sock\IPv4.cpp">
      <Filter>Source Files</Filter>
    </ClCompile>
    <ClCompile Include="Deep\Sock\Sock.cpp">
      <Filter>Source Files</Filter>
    </ClCompile>
    <ClCompile Include="Deep\Sock\Sock_Posix.cpp">
      <Filter>Source Files</Filter>
    </ClCompile>
    <ClCompile Include="Deep\Sock\Sock_Windows.cpp">
      <Filter>Source Files</Filter>
    </ClCompile>
    <ClCompile Include="Deep\Math\Mat4.cpp">
      <Filter>Source Files</Filter>
    </ClCompile>
    <ClCompile Include="Deep\Math\Vec3.cpp">
      <Filter>Source Files</Filter>
    </ClCompile>
    <ClCompile Include="Deep\Math\Vec4.cpp">
      <Filter>Source Files</Filter>
    </ClCompile>
    <ClCompile Include="Deep\Threading\JobSystem.cpp">
      <Filter>Source Files</Filter>
    </ClCompile>
    <ClCompile Include="Deep\Deep.cpp">
      <Filter>Source Files</Filter>
    </ClCompile>
    <ClCompile Include="Deep\ECS\ECRegistry.cpp">
      <Filter>Source Files</Filter>
    </ClCompile>
  </ItemGroup>
  <ItemGroup>
    <None Include="Deep\Math\SSE_m128i.inl">
      <Filter>Header Files</Filter>
    </None>
    <None Include="Deep\Math\SSE_m128.inl">
      <Filter>Header Files</Filter>
    </None>
    <None Include="Deep\Net\PacketReader.inl">
      <Filter>Header Files</Filter>
    </None>
    <None Include="Deep\Net\PacketWriter.inl">
      <Filter>Header Files</Filter>
    </None>
    <None Include="Deep\Sock\IPv4.inl">
      <Filter>Header Files</Filter>
    </None>
    <None Include="Deep\Sock.inl">
      <Filter>Header Files</Filter>
    </None>
    <None Include="Deep\Threading\Semaphore.inl">
      <Filter>Header Files</Filter>
    </None>
    <None Include="Deep\Memory\FixedSizeFreeList.inl">
      <Filter>Header Files</Filter>
    </None>
    <None Include="Deep\Memory.inl">
      <Filter>Header Files</Filter>
    </None>
    <None Include="Deep\Threading\JobSystem.inl">
      <Filter>Header Files</Filter>
    </None>
    <None Include="Deep\Memory\PooledFixedSizeFreeList.inl">
      <Filter>Header Files</Filter>
    </None>
    <None Include="Deep\Memory\Reference.inl">
      <Filter>Header Files</Filter>
    </None>
    <None Include="Deep\ECS\Archetype.inl">
      <Filter>Header Files</Filter>
    </None>
  </ItemGroup>
</Project>