<?xml version="1.0" encoding="utf-8"?>
<Project ToolsVersion="4.0" xmlns="http://schemas.microsoft.com/developer/msbuild/2003">
  <ItemGroup>
    <Filter Include="Source Files">
      <UniqueIdentifier>{4FC737F1-C7A5-4376-A066-2A32D752A2FF}</UniqueIdentifier>
      <Extensions>cpp;c;cc;cxx;c++;cppm;ixx;def;odl;idl;hpj;bat;asm;asmx</Extensions>
    </Filter>
    <Filter Include="Header Files">
      <UniqueIdentifier>{93995380-89BD-4b04-88EB-625FBE52EBFB}</UniqueIdentifier>
      <Extensions>h;hh;hpp;hxx;h++;hm;inl;inc;ipp;xsd</Extensions>
    </Filter>
    <Filter Include="Resource Files">
      <UniqueIdentifier>{67DA6AB6-F800-4c08-8B7A-83BB121AAD01}</UniqueIdentifier>
      <Extensions>rc;ico;cur;bmp;dlg;rc2;rct;bin;rgs;gif;jpg;jpeg;jpe;resx;tiff;tif;png;wav;mfcribbon-ms</Extensions>
    </Filter>
    <Filter Include="Header Files\Deep">
      <UniqueIdentifier>{bb569d22-05a2-405c-ae95-11a53faf13ac}</UniqueIdentifier>
    </Filter>
    <Filter Include="Source Files\Deep">
      <UniqueIdentifier>{92012665-6c37-4d43-8ec7-77bbe755ba90}</UniqueIdentifier>
    </Filter>
    <Filter Include="Source Files\Deep\Debug">
      <UniqueIdentifier>{2e9a2daf-ab44-4b94-8c46-9af9802e4565}</UniqueIdentifier>
    </Filter>
    <Filter Include="Header Files\Deep\Sock">
      <UniqueIdentifier>{4254b2c4-507a-4195-aa30-1358ffe49ecc}</UniqueIdentifier>
    </Filter>
    <Filter Include="Source Files\Deep\Sock">
      <UniqueIdentifier>{6026bd7b-607e-4085-9fe1-89a8ff9f2b32}</UniqueIdentifier>
    </Filter>
    <Filter Include="Header Files\Deep\Net">
      <UniqueIdentifier>{0a7fbe32-fec7-4841-afab-dccae5561e3c}</UniqueIdentifier>
    </Filter>
    <Filter Include="Source Files\Deep\Net">
      <UniqueIdentifier>{b04212ce-61bb-4248-9628-15cfc090236a}</UniqueIdentifier>
    </Filter>
    <Filter Include="Header Files\Deep\DebugUtil">
      <UniqueIdentifier>{607965c4-a384-421f-a10e-742240568511}</UniqueIdentifier>
    </Filter>
    <Filter Include="Source Files\Deep\Math">
      <UniqueIdentifier>{69d53ffa-8e87-421d-af37-83a85595b841}</UniqueIdentifier>
    </Filter>
    <Filter Include="Header Files\Deep\Math">
      <UniqueIdentifier>{3debcdfb-0362-4cca-8133-8e69704b5761}</UniqueIdentifier>
    </Filter>
    <Filter Include="Header Files\Deep\ECS">
      <UniqueIdentifier>{39c3f339-0810-4769-ba27-dd29ce576f8c}</UniqueIdentifier>
    </Filter>
    <Filter Include="Header Files\Deep\Physics">
      <UniqueIdentifier>{5140c74e-624c-4513-a0b0-1e79391c46a3}</UniqueIdentifier>
    </Filter>
    <Filter Include="Source Files\Deep\ECS">
      <UniqueIdentifier>{3bd8b169-21da-4877-859f-52ce42a9d022}</UniqueIdentifier>
    </Filter>
    <Filter Include="Source Files\Deep\Physics">
      <UniqueIdentifier>{80902f66-2bd4-4752-93cb-82bd37d6181d}</UniqueIdentifier>
    </Filter>
  </ItemGroup>
  <ItemGroup>
    <ClCompile Include="main.cpp">
      <Filter>Source Files</Filter>
    </ClCompile>
    <ClCompile Include="Deep\Deep\DebugUtil\Memory.cpp">
      <Filter>Source Files\Deep\Debug</Filter>
    </ClCompile>
    <ClCompile Include="Deep\Deep\Sock\Sock_Windows.cpp">
      <Filter>Source Files\Deep\Sock</Filter>
    </ClCompile>
    <ClCompile Include="Deep\Deep\Sock\Sock_Posix.cpp">
      <Filter>Source Files\Deep\Sock</Filter>
    </ClCompile>
    <ClCompile Include="Deep\Deep\Sock\Sock.cpp">
      <Filter>Source Files\Deep\Sock</Filter>
    </ClCompile>
    <ClCompile Include="Deep\Deep\Sock\IPv4.cpp">
      <Filter>Source Files\Deep\Sock</Filter>
    </ClCompile>
    <ClCompile Include="Deep\Deep\Net\Packet.cpp">
      <Filter>Source Files\Deep\Net</Filter>
    </ClCompile>
    <ClCompile Include="Deep\Deep\Math\Vec3.cpp">
      <Filter>Source Files\Deep\Math</Filter>
    </ClCompile>
    <ClCompile Include="Deep\Deep\Math\Vec4.cpp">
      <Filter>Source Files\Deep\Math</Filter>
    </ClCompile>
    <ClCompile Include="Deep\Deep\Math\Mat3.cpp">
      <Filter>Source Files\Deep\Math</Filter>
    </ClCompile>
    <ClCompile Include="Deep\Deep\Math\Quaternion.cpp">
      <Filter>Source Files\Deep\Math</Filter>
    </ClCompile>
    <ClCompile Include="Deep\Deep\Physics\Physics.cpp">
      <Filter>Source Files\Deep\Physics</Filter>
    </ClCompile>
    <ClCompile Include="Deep\Deep\ECS\ECS.cpp">
      <Filter>Source Files\Deep\ECS</Filter>
    </ClCompile>
    <ClCompile Include="Deep\Deep\Net\Net.cpp">
      <Filter>Source Files\Deep\Net</Filter>
    </ClCompile>
  </ItemGroup>
  <ItemGroup>
    <ClInclude Include="Deep\Deep.h">
      <Filter>Header Files\Deep</Filter>
    </ClInclude>
    <ClInclude Include="Deep\Deep\DebugUtil\Memory.h">
      <Filter>Header Files\Deep\DebugUtil</Filter>
    </ClInclude>
    <ClInclude Include="Deep\Deep\DebugUtil\Memory_Def.h">
      <Filter>Header Files\Deep\DebugUtil</Filter>
    </ClInclude>
    <ClInclude Include="Deep\Deep\DebugUtil\Memory_Undef.h">
      <Filter>Header Files\Deep\DebugUtil</Filter>
    </ClInclude>
    <ClInclude Include="Deep\Deep\Sock.h">
      <Filter>Header Files\Deep</Filter>
    </ClInclude>
    <ClInclude Include="Deep\Deep\Sock\Sock_Windows.h">
      <Filter>Header Files\Deep\Sock</Filter>
    </ClInclude>
    <ClInclude Include="Deep\Deep\Sock\AF_INET.h">
      <Filter>Header Files\Deep\Sock</Filter>
    </ClInclude>
    <ClInclude Include="Deep\Deep\Sock\IPv4.h">
      <Filter>Header Files\Deep\Sock</Filter>
    </ClInclude>
    <ClInclude Include="Deep\Deep\Net\Packet.h">
      <Filter>Header Files\Deep\Net</Filter>
    </ClInclude>
    <ClInclude Include="Deep\Deep\Net.h">
      <Filter>Header Files\Deep</Filter>
    </ClInclude>
    <ClInclude Include="Deep\Deep\Math\Vec3.h">
      <Filter>Header Files\Deep\Math</Filter>
    </ClInclude>
    <ClInclude Include="Deep\Deep\Math\Vec4.h">
      <Filter>Header Files\Deep\Math</Filter>
    </ClInclude>
    <ClInclude Include="Deep\Deep\Math\Mat3.h">
      <Filter>Header Files\Deep\Math</Filter>
    </ClInclude>
    <ClInclude Include="Deep\Deep\Math\Quaternion.h">
      <Filter>Header Files\Deep\Math</Filter>
    </ClInclude>
    <ClInclude Include="Deep\Deep\Math.h">
      <Filter>Header Files\Deep</Filter>
    </ClInclude>
    <ClInclude Include="Deep\Deep\Net\BitHelper.h">
      <Filter>Header Files\Deep\Net</Filter>
    </ClInclude>
    <ClInclude Include="Deep\Deep\ECS\Allocator.h">
      <Filter>Header Files\Deep\ECS</Filter>
    </ClInclude>
    <ClInclude Include="Deep\Deep\ECS.h">
      <Filter>Header Files\Deep</Filter>
    </ClInclude>
    <ClInclude Include="Deep\Deep\Physics.h">
      <Filter>Header Files\Deep</Filter>
    </ClInclude>
    <ClInclude Include="Deep\Deep\Deep_Types.h">
      <Filter>Header Files\Deep</Filter>
    </ClInclude>
  </ItemGroup>
</Project>